
Microsoft Visual Studio Solution File, Format Version 12.00
# Visual Studio Version 16
VisualStudioVersion = 16.0.29728.190
MinimumVisualStudioVersion = 10.0.40219.1
Project("{FAE04EC0-301F-11D3-BF4B-00C04F79EFBC}") = "elevations", "elevations\elevations.csproj", "{C14C4D07-AEBF-4190-8D40-F02AE8E81C2B}"
EndProject
Global
	GlobalSection(SolutionConfigurationPlatforms) = preSolution
		Debug|Any CPU = Debug|Any CPU
		Release|Any CPU = Release|Any CPU
	EndGlobalSection
	GlobalSection(ProjectConfigurationPlatforms) = postSolution
		{C14C4D07-AEBF-4190-8D40-F02AE8E81C2B}.Debug|Any CPU.ActiveCfg = Debug|Any CPU
		{C14C4D07-AEBF-4190-8D40-F02AE8E81C2B}.Debug|Any CPU.Build.0 = Debug|Any CPU
		{C14C4D07-AEBF-4190-8D40-F02AE8E81C2B}.Release|Any CPU.ActiveCfg = Release|Any CPU
		{C14C4D07-AEBF-4190-8D40-F02AE8E81C2B}.Release|Any CPU.Build.0 = Release|Any CPU
	EndGlobalSection
	GlobalSection(SolutionProperties) = preSolution
		HideSolutionNode = FALSE
	EndGlobalSection
	GlobalSection(ExtensibilityGlobals) = postSolution
		SolutionGuid = {20194EAB-A7F0-4D7B-A151-BE90302CEF70}
	EndGlobalSection
EndGlobal
